
Microsoft Visual Studio Solution File, Format Version 12.00
Project("{FAE04EC0-301F-11D3-BF4B-00C04F79EFBC}") = "Domain", "Domain\Domain.csproj", "{66B8C7C5-AA80-428E-8263-A15EA06485C8}"
EndProject
Project("{2150E333-8FDC-42A3-9474-1A3956D46DE8}") = "lib", "lib", "{74AA8B4C-5458-46A2-8A25-111E17234E57}"
EndProject
Project("{2150E333-8FDC-42A3-9474-1A3956D46DE8}") = "UI", "UI", "{41D9A289-E344-4F03-B9EB-03FA0A2C874A}"
EndProject
Project("{FAE04EC0-301F-11D3-BF4B-00C04F79EFBC}") = "ScaffoldApi", "ScaffoldApi\ScaffoldApi.csproj", "{EFC39C5A-2F21-4434-9A28-6263AF996ED8}"
EndProject
Project("{FAE04EC0-301F-11D3-BF4B-00C04F79EFBC}") = "Services", "Services\Services.csproj", "{FDABAAE7-DA81-4439-A8EE-3359D882E2C5}"
EndProject
Project("{FAE04EC0-301F-11D3-BF4B-00C04F79EFBC}") = "Repositories", "Repositories\Repositories.csproj", "{A23DAE11-ADFF-4724-8274-C857E60D1F1F}"
EndProject
Project("{2150E333-8FDC-42A3-9474-1A3956D46DE8}") = "tests", "tests", "{A6E8A357-EA7A-477D-B232-E6D88F5EFE06}"
EndProject
Project("{FAE04EC0-301F-11D3-BF4B-00C04F79EFBC}") = "Services.Tests", "Services.Tests\Services.Tests.csproj", "{0A57A771-012D-4AE4-BD8A-4E714F9CD1E6}"
EndProject
Project("{FAE04EC0-301F-11D3-BF4B-00C04F79EFBC}") = "Repositories.Tests", "Repositories.Tests\Repositories.Tests.csproj", "{DC3DCD55-960E-4438-B6A5-2B3B298B1F69}"
EndProject
Project("{FAE04EC0-301F-11D3-BF4B-00C04F79EFBC}") = "Domain.Tests", "Domain.Tests\Domain.Tests.csproj", "{64AB154C-9BAC-4F7A-99DF-3C7096558DBD}"
EndProject
Global
	GlobalSection(SolutionConfigurationPlatforms) = preSolution
		Debug|Any CPU = Debug|Any CPU
		Release|Any CPU = Release|Any CPU
	EndGlobalSection
	GlobalSection(ProjectConfigurationPlatforms) = postSolution
		{66B8C7C5-AA80-428E-8263-A15EA06485C8}.Debug|Any CPU.ActiveCfg = Debug|Any CPU
		{66B8C7C5-AA80-428E-8263-A15EA06485C8}.Debug|Any CPU.Build.0 = Debug|Any CPU
		{66B8C7C5-AA80-428E-8263-A15EA06485C8}.Release|Any CPU.ActiveCfg = Release|Any CPU
		{66B8C7C5-AA80-428E-8263-A15EA06485C8}.Release|Any CPU.Build.0 = Release|Any CPU
		{EFC39C5A-2F21-4434-9A28-6263AF996ED8}.Debug|Any CPU.ActiveCfg = Debug|Any CPU
		{EFC39C5A-2F21-4434-9A28-6263AF996ED8}.Debug|Any CPU.Build.0 = Debug|Any CPU
		{EFC39C5A-2F21-4434-9A28-6263AF996ED8}.Release|Any CPU.ActiveCfg = Release|Any CPU
		{EFC39C5A-2F21-4434-9A28-6263AF996ED8}.Release|Any CPU.Build.0 = Release|Any CPU
		{FDABAAE7-DA81-4439-A8EE-3359D882E2C5}.Debug|Any CPU.ActiveCfg = Debug|Any CPU
		{FDABAAE7-DA81-4439-A8EE-3359D882E2C5}.Debug|Any CPU.Build.0 = Debug|Any CPU
		{FDABAAE7-DA81-4439-A8EE-3359D882E2C5}.Release|Any CPU.ActiveCfg = Release|Any CPU
		{FDABAAE7-DA81-4439-A8EE-3359D882E2C5}.Release|Any CPU.Build.0 = Release|Any CPU
		{A23DAE11-ADFF-4724-8274-C857E60D1F1F}.Debug|Any CPU.ActiveCfg = Debug|Any CPU
		{A23DAE11-ADFF-4724-8274-C857E60D1F1F}.Debug|Any CPU.Build.0 = Debug|Any CPU
		{A23DAE11-ADFF-4724-8274-C857E60D1F1F}.Release|Any CPU.ActiveCfg = Release|Any CPU
		{A23DAE11-ADFF-4724-8274-C857E60D1F1F}.Release|Any CPU.Build.0 = Release|Any CPU
		{0A57A771-012D-4AE4-BD8A-4E714F9CD1E6}.Debug|Any CPU.ActiveCfg = Debug|Any CPU
		{0A57A771-012D-4AE4-BD8A-4E714F9CD1E6}.Debug|Any CPU.Build.0 = Debug|Any CPU
		{0A57A771-012D-4AE4-BD8A-4E714F9CD1E6}.Release|Any CPU.ActiveCfg = Release|Any CPU
		{0A57A771-012D-4AE4-BD8A-4E714F9CD1E6}.Release|Any CPU.Build.0 = Release|Any CPU
		{DC3DCD55-960E-4438-B6A5-2B3B298B1F69}.Debug|Any CPU.ActiveCfg = Debug|Any CPU
		{DC3DCD55-960E-4438-B6A5-2B3B298B1F69}.Debug|Any CPU.Build.0 = Debug|Any CPU
		{DC3DCD55-960E-4438-B6A5-2B3B298B1F69}.Release|Any CPU.ActiveCfg = Release|Any CPU
		{DC3DCD55-960E-4438-B6A5-2B3B298B1F69}.Release|Any CPU.Build.0 = Release|Any CPU
		{64AB154C-9BAC-4F7A-99DF-3C7096558DBD}.Debug|Any CPU.ActiveCfg = Debug|Any CPU
		{64AB154C-9BAC-4F7A-99DF-3C7096558DBD}.Debug|Any CPU.Build.0 = Debug|Any CPU
		{64AB154C-9BAC-4F7A-99DF-3C7096558DBD}.Release|Any CPU.ActiveCfg = Release|Any CPU
		{64AB154C-9BAC-4F7A-99DF-3C7096558DBD}.Release|Any CPU.Build.0 = Release|Any CPU
	EndGlobalSection
	GlobalSection(NestedProjects) = preSolution
		{66B8C7C5-AA80-428E-8263-A15EA06485C8} = {74AA8B4C-5458-46A2-8A25-111E17234E57}
		{EFC39C5A-2F21-4434-9A28-6263AF996ED8} = {41D9A289-E344-4F03-B9EB-03FA0A2C874A}
		{FDABAAE7-DA81-4439-A8EE-3359D882E2C5} = {74AA8B4C-5458-46A2-8A25-111E17234E57}
		{A23DAE11-ADFF-4724-8274-C857E60D1F1F} = {74AA8B4C-5458-46A2-8A25-111E17234E57}
		{0A57A771-012D-4AE4-BD8A-4E714F9CD1E6} = {A6E8A357-EA7A-477D-B232-E6D88F5EFE06}
		{DC3DCD55-960E-4438-B6A5-2B3B298B1F69} = {A6E8A357-EA7A-477D-B232-E6D88F5EFE06}
		{64AB154C-9BAC-4F7A-99DF-3C7096558DBD} = {A6E8A357-EA7A-477D-B232-E6D88F5EFE06}
	EndGlobalSection
EndGlobal
